name: project1
channels:
  - conda-forge
dependencies:
  - _openmp_mutex=4.5=8_kmp_llvm
  - brotli=1.2.0=hf00d406_4
  - brotli-bin=1.2.0=he4a93e4_4
  - bzip2=1.0.8=h4e30115_10
  - ca-certificates=2026.7.22=hbd8a1cb_0
  - cloudpickle=3.1.2=pyhcf101f3_1
  - contourpy=1.3.2=py310h7f4e7e6_0
  - cycler=0.12.1=pyhcf101f3_2
  - fonttools=4.63.0=py310hb46c203_0
  - freetype=2.14.3=hce30654_2
  - joblib=1.6.0=pyhcf101f3_0
  - kiwisolver=1.5.1=py310hee56be5_0
  - lcms2=2.19.1=hce41798_3
  - lerc=4.2.0=h1eee2c3_0
  - libblas=3.11.0=11_h51639a9_openblas
  - libbrotlicommon=1.2.0=h1dcdb26_4
  - libbrotlidec=1.2.0=h5295a6a_4
  - libbrotlienc=1.2.0=h2ddc9cb_4
  - libcblas=3.11.0=11_hb0561ab_openblas
  - libcxx=23.1.2=h55c6f16_0
  - libdeflate=1.25=he7e0567_1
  - libexpat=2.8.5=h6111c0a_0
  - libffi=3.7.0=h47dc5ef_1
  - libfreetype=2.14.3=hce30654_2
  - libfreetype6=2.14.3=h2ed5691_2
  - libgcc=16.2.0=h3cf6597_7
  - libgfortran=16.2.0=h07b0088_7
  - libgfortran5=16.2.0=hdb7a957_7
  - libjpeg-turbo=3.2.0=h84a0fba_1
  - liblapack=3.11.0=11_hd9741b5_openblas
  - liblzma=5.8.3=h8088a28_1
  - libopenblas=0.3.34=openmp_h5e6e99c_1
  - libpng=1.6.59=hf5e6511_0
  - libsqlite=3.53.4=h34a968b_102
  - libtiff=4.7.2=hf67920b_1
  - libwebp-base=1.6.0=h202fb40_1
  - libxcb=1.17.0=hbffa61f_2
  - libzlib=1.3.2=h8088a28_3
  - llvm-openmp=23.1.2=hdb3d66b_0
  - matplotlib=3.10.8=py310hb6292c7_0
  - matplotlib-base=3.10.8=py310h0181960_0
  - munkres=1.1.4=pyhd8ed1ab_1
  - ncurses=6.6=he64c551_1
  - numpy=2.2.6=py310h4d83441_0
  - openjpeg=2.5.4=h4d1e80c_2
  - openssl=3.6.5=h55eecbc_0
  - packaging=26.3=pyhc364b38_0
  - pandas=2.2.3=py310h5936506_3
  - pillow=12.3.0=py310hc037f36_0
  - pip=26.2.1=pyh8b19718_0
  - pthread-stubs=0.4=hb001647_1004
  - pyparsing=3.3.2=pyhcf101f3_0
  - python=3.10.21=hac0b6dc_0_cpython
  - python-dateutil=2.9.0.post0=pyhe01879c_2
  - python-tzdata=2026.3=pyhd8ed1ab_0
  - python_abi=3.10=9_cp310
  - pytz=2026.3.post1=pyhcf101f3_0
  - qhull=2020.2=h420ef59_5
  - readline=8.3=h8b90a29_1
  - scikit-learn=1.7.2=py310h660f142_0
  - scipy=1.15.2=py310h32ab4ed_0
  - setuptools=84.0.0=pyh332efcf_0
  - six=1.17.0=pyhe01879c_1
  - threadpoolctl=3.6.0=pyhecae5ae_0
  - tk=8.6.13=hbeba79b_4
  - tornado=6.5.8=py310h72544b6_0
  - tzdata=2026c=h151e31d_0
  - unicodedata2=17.0.1=py310h72544b6_0
  - wheel=0.48.0=pyhd8ed1ab_0
  - xorg-libxau=1.0.12=hb001647_2
  - xorg-libxdmcp=1.1.5=hb001647_2
  - zlib-ng=2.3.3=h31dac16_1
  - zstd=1.5.7=hf451053_7
